
Microsoft Visual Studio Solution File, Format Version 12.00
# Visual Studio Version 16
VisualStudioVersion = 16.0.34301.259
MinimumVisualStudioVersion = 10.0.40219.1
Project("{FAE04EC0-301F-11D3-BF4B-00C04F79EFBC}") = "ServicioWindows", "ServicioWindows\ServicioWindows.csproj", "{A40876FF-4628-4A99-ADB6-A9791C61CD11}"
EndProject
Project("{54435603-DBB4-11D2-8724-00A0C9A8B90C}") = "ServicioWindows.Installer", "ServicioWindows.Installer\ServicioWindows.Installer.vdproj", "{3528F44B-78F1-49B9-823C-03FC71795055}"
EndProject
Global
	GlobalSection(SolutionConfigurationPlatforms) = preSolution
		Debug|Any CPU = Debug|Any CPU
		Release|Any CPU = Release|Any CPU
	EndGlobalSection
	GlobalSection(ProjectConfigurationPlatforms) = postSolution
		{A40876FF-4628-4A99-ADB6-A9791C61CD11}.Debug|Any CPU.ActiveCfg = Debug|Any CPU
		{A40876FF-4628-4A99-ADB6-A9791C61CD11}.Debug|Any CPU.Build.0 = Debug|Any CPU
		{A40876FF-4628-4A99-ADB6-A9791C61CD11}.Release|Any CPU.ActiveCfg = Release|Any CPU
		{A40876FF-4628-4A99-ADB6-A9791C61CD11}.Release|Any CPU.Build.0 = Release|Any CPU
		{3528F44B-78F1-49B9-823C-03FC71795055}.Debug|Any CPU.ActiveCfg = Debug
		{3528F44B-78F1-49B9-823C-03FC71795055}.Release|Any CPU.ActiveCfg = Release
	EndGlobalSection
	GlobalSection(SolutionProperties) = preSolution
		HideSolutionNode = FALSE
	EndGlobalSection
	GlobalSection(ExtensibilityGlobals) = postSolution
		SolutionGuid = {D9381C88-E827-4642-8596-1362239B8669}
	EndGlobalSection
EndGlobal
